// !$*UTF8*$!
{
	archiveVersion = 1;
	classes = {
	};
	objectVersion = 46;
	objects = {

/* Begin PBXBuildFile section */
		9C3ED7E117D3BC8E007001B1 /* Foundation.framework in Frameworks */ = {isa = PBXBuildFile; fileRef = 9C3ED7E017D3BC8E007001B1 /* Foundation.framework */; };
		9C3ED7E317D3BC8E007001B1 /* CoreGraphics.framework in Frameworks */ = {isa = PBXBuildFile; fileRef = 9C3ED7E217D3BC8E007001B1 /* CoreGraphics.framework */; };
		9C3ED7E517D3BC8E007001B1 /* UIKit.framework in Frameworks */ = {isa = PBXBuildFile; fileRef = 9C3ED7E417D3BC8E007001B1 /* UIKit.framework */; };
		9C3ED7EB17D3BC8E007001B1 /* InfoPlist.strings in Resources */ = {isa = PBXBuildFile; fileRef = 9C3ED7E917D3BC8E007001B1 /* InfoPlist.strings */; };
		9C3ED7ED17D3BC8E007001B1 /* main.m in Sources */ = {isa = PBXBuildFile; fileRef = 9C3ED7EC17D3BC8E007001B1 /* main.m */; };
		9C3ED7F117D3BC8E007001B1 /* AppDelegate.m in Sources */ = {isa = PBXBuildFile; fileRef = 9C3ED7F017D3BC8E007001B1 /* AppDelegate.m */; };
		9C3ED7F417D3BC8E007001B1 /* Main.storyboard in Resources */ = {isa = PBXBuildFile; fileRef = 9C3ED7F217D3BC8E007001B1 /* Main.storyboard */; };
		9C3ED7F717D3BC8E007001B1 /* ViewController.m in Sources */ = {isa = PBXBuildFile; fileRef = 9C3ED7F617D3BC8E007001B1 /* ViewController.m */; };
		9C3ED7F917D3BC8E007001B1 /* Images.xcassets in Resources */ = {isa = PBXBuildFile; fileRef = 9C3ED7F817D3BC8E007001B1 /* Images.xcassets */; };
		9C3ED80017D3BC8E007001B1 /* XCTest.framework in Frameworks */ = {isa = PBXBuildFile; fileRef = 9C3ED7FF17D3BC8E007001B1 /* XCTest.framework */; };
		9C3ED80117D3BC8E007001B1 /* Foundation.framework in Frameworks */ = {isa = PBXBuildFile; fileRef = 9C3ED7E017D3BC8E007001B1 /* Foundation.framework */; };
		9C3ED80217D3BC8E007001B1 /* UIKit.framework in Frameworks */ = {isa = PBXBuildFile; fileRef = 9C3ED7E417D3BC8E007001B1 /* UIKit.framework */; };
		9C3ED80A17D3BC8E007001B1 /* InfoPlist.strings in Resources */ = {isa = PBXBuildFile; fileRef = 9C3ED80817D3BC8E007001B1 /* InfoPlist.strings */; };
		9C3ED80C17D3BC8E007001B1 /* BeerAdvisorTests.m in Sources */ = {isa = PBXBuildFile; fileRef = 9C3ED80B17D3BC8E007001B1 /* BeerAdvisorTests.m */; };
		9C3ED81617D3BCA1007001B1 /* MapKit.framework in Frameworks */ = {isa = PBXBuildFile; fileRef = 9C3ED81517D3BCA1007001B1 /* MapKit.framework */; };
		9C3ED81817D3BCA5007001B1 /* CoreLocation.framework in Frameworks */ = {isa = PBXBuildFile; fileRef = 9C3ED81717D3BCA5007001B1 /* CoreLocation.framework */; };
		9C3ED81B17D3D06B007001B1 /* BAAnnotation.m in Sources */ = {isa = PBXBuildFile; fileRef = 9C3ED81A17D3D06B007001B1 /* BAAnnotation.m */; };
		9C3ED81D17D3D23E007001B1 /* cake.gpx in Resources */ = {isa = PBXBuildFile; fileRef = 9C3ED81C17D3D23E007001B1 /* cake.gpx */; };
/* End PBXBuildFile section */

/* Begin PBXContainerItemProxy section */
		9C3ED80317D3BC8E007001B1 /* PBXContainerItemProxy */ = {
			isa = PBXContainerItemProxy;
			containerPortal = 9C3ED7D517D3BC8E007001B1 /* Project object */;
			proxyType = 1;
			remoteGlobalIDString = 9C3ED7DC17D3BC8E007001B1;
			remoteInfo = BeerAdvisor;
		};
/* End PBXContainerItemProxy section */

/* Begin PBXFileReference section */
		9C3ED7DD17D3BC8E007001B1 /* BeerAdvisor.app */ = {isa = PBXFileReference; explicitFileType = wrapper.application; includeInIndex = 0; path = BeerAdvisor.app; sourceTree = BUILT_PRODUCTS_DIR; };
		9C3ED7E017D3BC8E007001B1 /* Foundation.framework */ = {isa = PBXFileReference; lastKnownFileType = wrapper.framework; name = Foundation.framework; path = System/Library/Frameworks/Foundation.framework; sourceTree = SDKROOT; };
		9C3ED7E217D3BC8E007001B1 /* CoreGraphics.framework */ = {isa = PBXFileReference; lastKnownFileType = wrapper.framework; name = CoreGraphics.framework; path = System/Library/Frameworks/CoreGraphics.framework; sourceTree = SDKROOT; };
		9C3ED7E417D3BC8E007001B1 /* UIKit.framework */ = {isa = PBXFileReference; lastKnownFileType = wrapper.framework; name = UIKit.framework; path = System/Library/Frameworks/UIKit.framework; sourceTree = SDKROOT; };
		9C3ED7E817D3BC8E007001B1 /* BeerAdvisor-Info.plist */ = {isa = PBXFileReference; lastKnownFileType = text.plist.xml; path = "BeerAdvisor-Info.plist"; sourceTree = "<group>"; };
		9C3ED7EA17D3BC8E007001B1 /* en */ = {isa = PBXFileReference; lastKnownFileType = text.plist.strings; name = en; path = en.lproj/InfoPlist.strings; sourceTree = "<group>"; };
		9C3ED7EC17D3BC8E007001B1 /* main.m */ = {isa = PBXFileReference; lastKnownFileType = sourcecode.c.objc; path = main.m; sourceTree = "<group>"; };
		9C3ED7EE17D3BC8E007001B1 /* BeerAdvisor-Prefix.pch */ = {isa = PBXFileReference; lastKnownFileType = sourcecode.c.h; path = "BeerAdvisor-Prefix.pch"; sourceTree = "<group>"; };
		9C3ED7EF17D3BC8E007001B1 /* AppDelegate.h */ = {isa = PBXFileReference; lastKnownFileType = sourcecode.c.h; path = AppDelegate.h; sourceTree = "<group>"; };
		9C3ED7F017D3BC8E007001B1 /* AppDelegate.m */ = {isa = PBXFileReference; lastKnownFileType = sourcecode.c.objc; path = AppDelegate.m; sourceTree = "<group>"; };
		9C3ED7F317D3BC8E007001B1 /* Base */ = {isa = PBXFileReference; lastKnownFileType = file.storyboard; name = Base; path = Base.lproj/Main.storyboard; sourceTree = "<group>"; };
		9C3ED7F517D3BC8E007001B1 /* ViewController.h */ = {isa = PBXFileReference; lastKnownFileType = sourcecode.c.h; path = ViewController.h; sourceTree = "<group>"; };
		9C3ED7F617D3BC8E007001B1 /* ViewController.m */ = {isa = PBXFileReference; lastKnownFileType = sourcecode.c.objc; path = ViewController.m; sourceTree = "<group>"; };
		9C3ED7F817D3BC8E007001B1 /* Images.xcassets */ = {isa = PBXFileReference; lastKnownFileType = folder.assetcatalog; path = Images.xcassets; sourceTree = "<group>"; };
		9C3ED7FE17D3BC8E007001B1 /* BeerAdvisorTests.xctest */ = {isa = PBXFileReference; explicitFileType = wrapper.cfbundle; includeInIndex = 0; path = BeerAdvisorTests.xctest; sourceTree = BUILT_PRODUCTS_DIR; };
		9C3ED7FF17D3BC8E007001B1 /* XCTest.framework */ = {isa = PBXFileReference; lastKnownFileType = wrapper.framework; name = XCTest.framework; path = Library/Frameworks/XCTest.framework; sourceTree = DEVELOPER_DIR; };
		9C3ED80717D3BC8E007001B1 /* BeerAdvisorTests-Info.plist */ = {isa = PBXFileReference; lastKnownFileType = text.plist.xml; path = "BeerAdvisorTests-Info.plist"; sourceTree = "<group>"; };
		9C3ED80917D3BC8E007001B1 /* en */ = {isa = PBXFileReference; lastKnownFileType = text.plist.strings; name = en; path = en.lproj/InfoPlist.strings; sourceTree = "<group>"; };
		9C3ED80B17D3BC8E007001B1 /* BeerAdvisorTests.m */ = {isa = PBXFileReference; lastKnownFileType = sourcecode.c.objc; path = BeerAdvisorTests.m; sourceTree = "<group>"; };
		9C3ED81517D3BCA1007001B1 /* MapKit.framework */ = {isa = PBXFileReference; lastKnownFileType = wrapper.framework; name = MapKit.framework; path = System/Library/Frameworks/MapKit.framework; sourceTree = SDKROOT; };
		9C3ED81717D3BCA5007001B1 /* CoreLocation.framework */ = {isa = PBXFileReference; lastKnownFileType = wrapper.framework; name = CoreLocation.framework; path = System/Library/Frameworks/CoreLocation.framework; sourceTree = SDKROOT; };
		9C3ED81917D3D06B007001B1 /* BAAnnotation.h */ = {isa = PBXFileReference; fileEncoding = 4; lastKnownFileType = sourcecode.c.h; path = BAAnnotation.h; sourceTree = "<group>"; };
		9C3ED81A17D3D06B007001B1 /* BAAnnotation.m */ = {isa = PBXFileReference; fileEncoding = 4; lastKnownFileType = sourcecode.c.objc; path = BAAnnotation.m; sourceTree = "<group>"; };
		9C3ED81C17D3D23E007001B1 /* cake.gpx */ = {isa = PBXFileReference; fileEncoding = 4; lastKnownFileType = text.xml; path = cake.gpx; sourceTree = "<group>"; };
/* End PBXFileReference section */

/* Begin PBXFrameworksBuildPhase section */
		9C3ED7DA17D3BC8E007001B1 /* Frameworks */ = {
			isa = PBXFrameworksBuildPhase;
			buildActionMask = 2147483647;
			files = (
				9C3ED81817D3BCA5007001B1 /* CoreLocation.framework in Frameworks */,
				9C3ED81617D3BCA1007001B1 /* MapKit.framework in Frameworks */,
				9C3ED7E317D3BC8E007001B1 /* CoreGraphics.framework in Frameworks */,
				9C3ED7E517D3BC8E007001B1 /* UIKit.framework in Frameworks */,
				9C3ED7E117D3BC8E007001B1 /* Foundation.framework in Frameworks */,
			);
			runOnlyForDeploymentPostprocessing = 0;
		};
		9C3ED7FB17D3BC8E007001B1 /* Frameworks */ = {
			isa = PBXFrameworksBuildPhase;
			buildActionMask = 2147483647;
			files = (
				9C3ED80017D3BC8E007001B1 /* XCTest.framework in Frameworks */,
				9C3ED80217D3BC8E007001B1 /* UIKit.framework in Frameworks */,
				9C3ED80117D3BC8E007001B1 /* Foundation.framework in Frameworks */,
			);
			runOnlyForDeploymentPostprocessing = 0;
		};
/* End PBXFrameworksBuildPhase section */

/* Begin PBXGroup section */
		9C3ED7D417D3BC8E007001B1 = {
			isa = PBXGroup;
			children = (
				9C3ED81C17D3D23E007001B1 /* cake.gpx */,
				9C3ED7E617D3BC8E007001B1 /* BeerAdvisor */,
				9C3ED80517D3BC8E007001B1 /* BeerAdvisorTests */,
				9C3ED7DF17D3BC8E007001B1 /* Frameworks */,
				9C3ED7DE17D3BC8E007001B1 /* Products */,
			);
			sourceTree = "<group>";
		};
		9C3ED7DE17D3BC8E007001B1 /* Products */ = {
			isa = PBXGroup;
			children = (
				9C3ED7DD17D3BC8E007001B1 /* BeerAdvisor.app */,
				9C3ED7FE17D3BC8E007001B1 /* BeerAdvisorTests.xctest */,
			);
			name = Products;
			sourceTree = "<group>";
		};
		9C3ED7DF17D3BC8E007001B1 /* Frameworks */ = {
			isa = PBXGroup;
			children = (
				9C3ED81717D3BCA5007001B1 /* CoreLocation.framework */,
				9C3ED81517D3BCA1007001B1 /* MapKit.framework */,
				9C3ED7E017D3BC8E007001B1 /* Foundation.framework */,
				9C3ED7E217D3BC8E007001B1 /* CoreGraphics.framework */,
				9C3ED7E417D3BC8E007001B1 /* UIKit.framework */,
				9C3ED7FF17D3BC8E007001B1 /* XCTest.framework */,
			);
			name = Frameworks;
			sourceTree = "<group>";
		};
		9C3ED7E617D3BC8E007001B1 /* BeerAdvisor */ = {
			isa = PBXGroup;
			children = (
				9C3ED7EF17D3BC8E007001B1 /* AppDelegate.h */,
				9C3ED7F017D3BC8E007001B1 /* AppDelegate.m */,
				9C3ED7F217D3BC8E007001B1 /* Main.storyboard */,
				9C3ED7F517D3BC8E007001B1 /* ViewController.h */,
				9C3ED7F617D3BC8E007001B1 /* ViewController.m */,
				9C3ED7F817D3BC8E007001B1 /* Images.xcassets */,
				9C3ED7E717D3BC8E007001B1 /* Supporting Files */,
				9C3ED81917D3D06B007001B1 /* BAAnnotation.h */,
				9C3ED81A17D3D06B007001B1 /* BAAnnotation.m */,
			);
			path = BeerAdvisor;
			sourceTree = "<group>";
		};
		9C3ED7E717D3BC8E007001B1 /* Supporting Files */ = {
			isa = PBXGroup;
			children = (
				9C3ED7E817D3BC8E007001B1 /* BeerAdvisor-Info.plist */,
				9C3ED7E917D3BC8E007001B1 /* InfoPlist.strings */,
				9C3ED7EC17D3BC8E007001B1 /* main.m */,
				9C3ED7EE17D3BC8E007001B1 /* BeerAdvisor-Prefix.pch */,
			);
			name = "Supporting Files";
			sourceTree = "<group>";
		};
		9C3ED80517D3BC8E007001B1 /* BeerAdvisorTests */ = {
			isa = PBXGroup;
			children = (
				9C3ED80B17D3BC8E007001B1 /* BeerAdvisorTests.m */,
				9C3ED80617D3BC8E007001B1 /* Supporting Files */,
			);
			path = BeerAdvisorTests;
			sourceTree = "<group>";
		};
		9C3ED80617D3BC8E007001B1 /* Supporting Files */ = {
			isa = PBXGroup;
			children = (
				9C3ED80717D3BC8E007001B1 /* BeerAdvisorTests-Info.plist */,
				9C3ED80817D3BC8E007001B1 /* InfoPlist.strings */,
			);
			name = "Supporting Files";
			sourceTree = "<group>";
		};
/* End PBXGroup section */

/* Begin PBXNativeTarget section */
		9C3ED7DC17D3BC8E007001B1 /* BeerAdvisor */ = {
			isa = PBXNativeTarget;
			buildConfigurationList = 9C3ED80F17D3BC8E007001B1 /* Build configuration list for PBXNativeTarget "BeerAdvisor" */;
			buildPhases = (
				9C3ED7D917D3BC8E007001B1 /* Sources */,
				9C3ED7DA17D3BC8E007001B1 /* Frameworks */,
				9C3ED7DB17D3BC8E007001B1 /* Resources */,
			);
			buildRules = (
			);
			dependencies = (
			);
			name = BeerAdvisor;
			productName = BeerAdvisor;
			productReference = 9C3ED7DD17D3BC8E007001B1 /* BeerAdvisor.app */;
			productType = "com.apple.product-type.application";
		};
		9C3ED7FD17D3BC8E007001B1 /* BeerAdvisorTests */ = {
			isa = PBXNativeTarget;
			buildConfigurationList = 9C3ED81217D3BC8E007001B1 /* Build configuration list for PBXNativeTarget "BeerAdvisorTests" */;
			buildPhases = (
				9C3ED7FA17D3BC8E007001B1 /* Sources */,
				9C3ED7FB17D3BC8E007001B1 /* Frameworks */,
				9C3ED7FC17D3BC8E007001B1 /* Resources */,
			);
			buildRules = (
			);
			dependencies = (
				9C3ED80417D3BC8E007001B1 /* PBXTargetDependency */,
			);
			name = BeerAdvisorTests;
			productName = BeerAdvisorTests;
			productReference = 9C3ED7FE17D3BC8E007001B1 /* BeerAdvisorTests.xctest */;
			productType = "com.apple.product-type.bundle.unit-test";
		};
/* End PBXNativeTarget section */

/* Begin PBXProject section */
		9C3ED7D517D3BC8E007001B1 /* Project object */ = {
			isa = PBXProject;
			attributes = {
				LastUpgradeCheck = 0500;
				ORGANIZATIONNAME = "Underplot ltd.";
				TargetAttributes = {
					9C3ED7FD17D3BC8E007001B1 = {
						TestTargetID = 9C3ED7DC17D3BC8E007001B1;
					};
				};
			};
			buildConfigurationList = 9C3ED7D817D3BC8E007001B1 /* Build configuration list for PBXProject "BeerAdvisor" */;
			compatibilityVersion = "Xcode 3.2";
			developmentRegion = English;
			hasScannedForEncodings = 0;
			knownRegions = (
				en,
				Base,
			);
			mainGroup = 9C3ED7D417D3BC8E007001B1;
			productRefGroup = 9C3ED7DE17D3BC8E007001B1 /* Products */;
			projectDirPath = "";
			projectRoot = "";
			targets = (
				9C3ED7DC17D3BC8E007001B1 /* BeerAdvisor */,
				9C3ED7FD17D3BC8E007001B1 /* BeerAdvisorTests */,
			);
		};
/* End PBXProject section */

/* Begin PBXResourcesBuildPhase section */
		9C3ED7DB17D3BC8E007001B1 /* Resources */ = {
			isa = PBXResourcesBuildPhase;
			buildActionMask = 2147483647;
			files = (
				9C3ED7F917D3BC8E007001B1 /* Images.xcassets in Resources */,
				9C3ED81D17D3D23E007001B1 /* cake.gpx in Resources */,
				9C3ED7EB17D3BC8E007001B1 /* InfoPlist.strings in Resources */,
				9C3ED7F417D3BC8E007001B1 /* Main.storyboard in Resources */,
			);
			runOnlyForDeploymentPostprocessing = 0;
		};
		9C3ED7FC17D3BC8E007001B1 /* Resources */ = {
			isa = PBXResourcesBuildPhase;
			buildActionMask = 2147483647;
			files = (
				9C3ED80A17D3BC8E007001B1 /* InfoPlist.strings in Resources */,
			);
			runOnlyForDeploymentPostprocessing = 0;
		};
/* End PBXResourcesBuildPhase section */

/* Begin PBXSourcesBuildPhase section */
		9C3ED7D917D3BC8E007001B1 /* Sources */ = {
			isa = PBXSourcesBuildPhase;
			buildActionMask = 2147483647;
			files = (
				9C3ED7F717D3BC8E007001B1 /* ViewController.m in Sources */,
				9C3ED7F117D3BC8E007001B1 /* AppDelegate.m in Sources */,
				9C3ED7ED17D3BC8E007001B1 /* main.m in Sources */,
				9C3ED81B17D3D06B007001B1 /* BAAnnotation.m in Sources */,
			);
			runOnlyForDeploymentPostprocessing = 0;
		};
		9C3ED7FA17D3BC8E007001B1 /* Sources */ = {
			isa = PBXSourcesBuildPhase;
			buildActionMask = 2147483647;
			files = (
				9C3ED80C17D3BC8E007001B1 /* BeerAdvisorTests.m in Sources */,
			);
			runOnlyForDeploymentPostprocessing = 0;
		};
/* End PBXSourcesBuildPhase section */

/* Begin PBXTargetDependency section */
		9C3ED80417D3BC8E007001B1 /* PBXTargetDependency */ = {
			isa = PBXTargetDependency;
			target = 9C3ED7DC17D3BC8E007001B1 /* BeerAdvisor */;
			targetProxy = 9C3ED80317D3BC8E007001B1 /* PBXContainerItemProxy */;
		};
/* End PBXTargetDependency section */

/* Begin PBXVariantGroup section */
		9C3ED7E917D3BC8E007001B1 /* InfoPlist.strings */ = {
			isa = PBXVariantGroup;
			children = (
				9C3ED7EA17D3BC8E007001B1 /* en */,
			);
			name = InfoPlist.strings;
			sourceTree = "<group>";
		};
		9C3ED7F217D3BC8E007001B1 /* Main.storyboard */ = {
			isa = PBXVariantGroup;
			children = (
				9C3ED7F317D3BC8E007001B1 /* Base */,
			);
			name = Main.storyboard;
			sourceTree = "<group>";
		};
		9C3ED80817D3BC8E007001B1 /* InfoPlist.strings */ = {
			isa = PBXVariantGroup;
			children = (
				9C3ED80917D3BC8E007001B1 /* en */,
			);
			name = InfoPlist.strings;
			sourceTree = "<group>";
		};
/* End PBXVariantGroup section */

/* Begin XCBuildConfiguration section */
		9C3ED80D17D3BC8E007001B1 /* Debug */ = {
			isa = XCBuildConfiguration;
			buildSettings = {
				ALWAYS_SEARCH_USER_PATHS = NO;
				CLANG_CXX_LANGUAGE_STANDARD = "gnu++0x";
				CLANG_CXX_LIBRARY = "libc++";
				CLANG_ENABLE_MODULES = YES;
				CLANG_ENABLE_OBJC_ARC = YES;
				CLANG_WARN_BOOL_CONVERSION = YES;
				CLANG_WARN_CONSTANT_CONVERSION = YES;
				CLANG_WARN_DIRECT_OBJC_ISA_USAGE = YES_ERROR;
				CLANG_WARN_EMPTY_BODY = YES;
				CLANG_WARN_ENUM_CONVERSION = YES;
				CLANG_WARN_INT_CONVERSION = YES;
				CLANG_WARN_OBJC_ROOT_CLASS = YES_ERROR;
				CLANG_WARN__DUPLICATE_METHOD_MATCH = YES;
				"CODE_SIGN_IDENTITY[sdk=iphoneos*]" = "iPhone Developer";
				COPY_PHASE_STRIP = NO;
				GCC_C_LANGUAGE_STANDARD = gnu99;
				GCC_DYNAMIC_NO_PIC = NO;
				GCC_OPTIMIZATION_LEVEL = 0;
				GCC_PREPROCESSOR_DEFINITIONS = (
					"DEBUG=1",
					"$(inherited)",
				);
				GCC_SYMBOLS_PRIVATE_EXTERN = NO;
				GCC_WARN_ABOUT_RETURN_TYPE = YES_ERROR;
				GCC_WARN_UNDECLARED_SELECTOR = YES;
				GCC_WARN_UNINITIALIZED_AUTOS = YES;
				GCC_WARN_UNUSED_FUNCTION = YES;
				GCC_WARN_UNUSED_VARIABLE = YES;
				IPHONEOS_DEPLOYMENT_TARGET = 7.0;
				ONLY_ACTIVE_ARCH = YES;
				SDKROOT = iphoneos;
			};
			name = Debug;
		};
		9C3ED80E17D3BC8E007001B1 /* Release */ = {
			isa = XCBuildConfiguration;
			buildSettings = {
				ALWAYS_SEARCH_USER_PATHS = NO;
				CLANG_CXX_LANGUAGE_STANDARD = "gnu++0x";
				CLANG_CXX_LIBRARY = "libc++";
				CLANG_ENABLE_MODULES = YES;
				CLANG_ENABLE_OBJC_ARC = YES;
				CLANG_WARN_BOOL_CONVERSION = YES;
				CLANG_WARN_CONSTANT_CONVERSION = YES;
				CLANG_WARN_DIRECT_OBJC_ISA_USAGE = YES_ERROR;
				CLANG_WARN_EMPTY_BODY = YES;
				CLANG_WARN_ENUM_CONVERSION = YES;
				CLANG_WARN_INT_CONVERSION = YES;
				CLANG_WARN_OBJC_ROOT_CLASS = YES_ERROR;
				CLANG_WARN__DUPLICATE_METHOD_MATCH = YES;
				"CODE_SIGN_IDENTITY[sdk=iphoneos*]" = "iPhone Developer";
				COPY_PHASE_STRIP = YES;
				ENABLE_NS_ASSERTIONS = NO;
				GCC_C_LANGUAGE_STANDARD = gnu99;
				GCC_WARN_ABOUT_RETURN_TYPE = YES_ERROR;
				GCC_WARN_UNDECLARED_SELECTOR = YES;
				GCC_WARN_UNINITIALIZED_AUTOS = YES;
				GCC_WARN_UNUSED_FUNCTION = YES;
				GCC_WARN_UNUSED_VARIABLE = YES;
				IPHONEOS_DEPLOYMENT_TARGET = 7.0;
				SDKROOT = iphoneos;
				VALIDATE_PRODUCT = YES;
			};
			name = Release;
		};
		9C3ED81017D3BC8E007001B1 /* Debug */ = {
			isa = XCBuildConfiguration;
			buildSettings = {
				ASSETCATALOG_COMPILER_APPICON_NAME = AppIcon;
				ASSETCATALOG_COMPILER_LAUNCHIMAGE_NAME = LaunchImage;
				GCC_PRECOMPILE_PREFIX_HEADER = YES;
				GCC_PREFIX_HEADER = "BeerAdvisor/BeerAdvisor-Prefix.pch";
				INFOPLIST_FILE = "BeerAdvisor/BeerAdvisor-Info.plist";
				PRODUCT_NAME = "$(TARGET_NAME)";
				WRAPPER_EXTENSION = app;
			};
			name = Debug;
		};
		9C3ED81117D3BC8E007001B1 /* Release */ = {
			isa = XCBuildConfiguration;
			buildSettings = {
				ASSETCATALOG_COMPILER_APPICON_NAME = AppIcon;
				ASSETCATALOG_COMPILER_LAUNCHIMAGE_NAME = LaunchImage;
				GCC_PRECOMPILE_PREFIX_HEADER = YES;
				GCC_PREFIX_HEADER = "BeerAdvisor/BeerAdvisor-Prefix.pch";
				INFOPLIST_FILE = "BeerAdvisor/BeerAdvisor-Info.plist";
				PRODUCT_NAME = "$(TARGET_NAME)";
				WRAPPER_EXTENSION = app;
			};
			name = Release;
		};
		9C3ED81317D3BC8E007001B1 /* Debug */ = {
			isa = XCBuildConfiguration;
			buildSettings = {
				BUNDLE_LOADER = "$(BUILT_PRODUCTS_DIR)/BeerAdvisor.app/BeerAdvisor";
				FRAMEWORK_SEARCH_PATHS = (
					"$(SDKROOT)/Developer/Library/Frameworks",
					"$(inherited)",
					"$(DEVELOPER_FRAMEWORKS_DIR)",
				);
				GCC_PRECOMPILE_PREFIX_HEADER = YES;
				GCC_PREFIX_HEADER = "BeerAdvisor/BeerAdvisor-Prefix.pch";
				GCC_PREPROCESSOR_DEFINITIONS = (
					"DEBUG=1",
					"$(inherited)",
				);
				INFOPLIST_FILE = "BeerAdvisorTests/BeerAdvisorTests-Info.plist";
				PRODUCT_NAME = "$(TARGET_NAME)";
				TEST_HOST = "$(BUNDLE_LOADER)";
				WRAPPER_EXTENSION = xctest;
			};
			name = Debug;
		};
		9C3ED81417D3BC8E007001B1 /* Release */ = {
			isa = XCBuildConfiguration;
			buildSettings = {
				BUNDLE_LOADER = "$(BUILT_PRODUCTS_DIR)/BeerAdvisor.app/BeerAdvisor";
				FRAMEWORK_SEARCH_PATHS = (
					"$(SDKROOT)/Developer/Library/Frameworks",
					"$(inherited)",
					"$(DEVELOPER_FRAMEWORKS_DIR)",
				);
				GCC_PRECOMPILE_PREFIX_HEADER = YES;
				GCC_PREFIX_HEADER = "BeerAdvisor/BeerAdvisor-Prefix.pch";
				INFOPLIST_FILE = "BeerAdvisorTests/BeerAdvisorTests-Info.plist";
				PRODUCT_NAME = "$(TARGET_NAME)";
				TEST_HOST = "$(BUNDLE_LOADER)";
				WRAPPER_EXTENSION = xctest;
			};
			name = Release;
		};
/* End XCBuildConfiguration section */

/* Begin XCConfigurationList section */
		9C3ED7D817D3BC8E007001B1 /* Build configuration list for PBXProject "BeerAdvisor" */ = {
			isa = XCConfigurationList;
			buildConfigurations = (
				9C3ED80D17D3BC8E007001B1 /* Debug */,
				9C3ED80E17D3BC8E007001B1 /* Release */,
			);
			defaultConfigurationIsVisible = 0;
			defaultConfigurationName = Release;
		};
		9C3ED80F17D3BC8E007001B1 /* Build configuration list for PBXNativeTarget "BeerAdvisor" */ = {
			isa = XCConfigurationList;
			buildConfigurations = (
				9C3ED81017D3BC8E007001B1 /* Debug */,
				9C3ED81117D3BC8E007001B1 /* Release */,
			);
			defaultConfigurationIsVisible = 0;
		};
		9C3ED81217D3BC8E007001B1 /* Build configuration list for PBXNativeTarget "BeerAdvisorTests" */ = {
			isa = XCConfigurationList;
			buildConfigurations = (
				9C3ED81317D3BC8E007001B1 /* Debug */,
				9C3ED81417D3BC8E007001B1 /* Release */,
			);
			defaultConfigurationIsVisible = 0;
		};
/* End XCConfigurationList section */
	};
	rootObject = 9C3ED7D517D3BC8E007001B1 /* Project object */;
}
